
Microsoft Visual Studio Solution File, Format Version 12.00
# Visual Studio Version 17
VisualStudioVersion = 17.9.34902.65
MinimumVisualStudioVersion = 10.0.40219.1
Project("{FAE04EC0-301F-11D3-BF4B-00C04F79EFBC}") = "COMET", "COMET.csproj", "{41F9FDF5-5B3C-4E80-83F0-4AD74F852AE7}"
EndProject
Project("{2150E333-8FDC-42A3-9474-1A3956D46DE8}") = "Solution Items", "Solution Items", "{367C2D23-7509-47C8-9689-B50CE904BAE8}"
EndProject
Global
	GlobalSection(SolutionConfigurationPlatforms) = preSolution
		Debug|Any CPU = Debug|Any CPU
		Debug|arm64 = Debug|arm64
		Debug|x86 = Debug|x86
		Release|Any CPU = Release|Any CPU
		Release|arm64 = Release|arm64
		Release|x86 = Release|x86
	EndGlobalSection
	GlobalSection(ProjectConfigurationPlatforms) = postSolution
		{41F9FDF5-5B3C-4E80-83F0-4AD74F852AE7}.Debug|Any CPU.ActiveCfg = Debug|Any CPU
		{41F9FDF5-5B3C-4E80-83F0-4AD74F852AE7}.Debug|Any CPU.Build.0 = Debug|Any CPU
		{41F9FDF5-5B3C-4E80-83F0-4AD74F852AE7}.Debug|arm64.ActiveCfg = Debug|arm64
		{41F9FDF5-5B3C-4E80-83F0-4AD74F852AE7}.Debug|arm64.Build.0 = Debug|arm64
		{41F9FDF5-5B3C-4E80-83F0-4AD74F852AE7}.Debug|x86.ActiveCfg = Debug|x86
		{41F9FDF5-5B3C-4E80-83F0-4AD74F852AE7}.Debug|x86.Build.0 = Debug|x86
		{41F9FDF5-5B3C-4E80-83F0-4AD74F852AE7}.Release|Any CPU.ActiveCfg = Release|Any CPU
		{41F9FDF5-5B3C-4E80-83F0-4AD74F852AE7}.Release|Any CPU.Build.0 = Release|Any CPU
		{41F9FDF5-5B3C-4E80-83F0-4AD74F852AE7}.Release|arm64.ActiveCfg = Release|arm64
		{41F9FDF5-5B3C-4E80-83F0-4AD74F852AE7}.Release|arm64.Build.0 = Release|arm64
		{41F9FDF5-5B3C-4E80-83F0-4AD74F852AE7}.Release|x86.ActiveCfg = Release|x86
		{41F9FDF5-5B3C-4E80-83F0-4AD74F852AE7}.Release|x86.Build.0 = Release|x86
	EndGlobalSection
	GlobalSection(SolutionProperties) = preSolution
		HideSolutionNode = FALSE
	EndGlobalSection
	GlobalSection(ExtensibilityGlobals) = postSolution
		SolutionGuid = {C717BD41-FB49-4D50-918C-8F69488F960C}
	EndGlobalSection
EndGlobal
